
Microsoft Visual Studio Solution File, Format Version 12.00
# Visual Studio 2013
VisualStudioVersion = 12.0.21005.1
MinimumVisualStudioVersion = 10.0.40219.1
Project("{FAE04EC0-301F-11D3-BF4B-00C04F79EFBC}") = "OpenCardsServer", "OpenCardsServer\OpenCardsServer.csproj", "{08FC665F-8C54-4CA3-B063-58D8A8CA98E6}"
	ProjectSection(ProjectDependencies) = postProject
		{4926186F-0A4D-4E46-BD35-6509D1C7D5A2} = {4926186F-0A4D-4E46-BD35-6509D1C7D5A2}
	EndProjectSection
EndProject
Project("{FAE04EC0-301F-11D3-BF4B-00C04F79EFBC}") = "OpenCardsClient", "OpenCardsClient\OpenCardsClient.csproj", "{EC5049D6-EA26-4C1F-B042-15FFAF7F7A6B}"
EndProject
Project("{FAE04EC0-301F-11D3-BF4B-00C04F79EFBC}") = "OpenCardsEditor", "OpenCardsEditor\OpenCardsEditor.csproj", "{D1C572B1-157C-44E3-8598-4C395D26EFED}"
EndProject
Project("{FAE04EC0-301F-11D3-BF4B-00C04F79EFBC}") = "OpenCards", "OpenCards\OpenCards.csproj", "{4926186F-0A4D-4E46-BD35-6509D1C7D5A2}"
EndProject
Project("{FAE04EC0-301F-11D3-BF4B-00C04F79EFBC}") = "Network", "Network\Network.csproj", "{23184529-E81B-4379-8054-664C4ADF1621}"
	ProjectSection(ProjectDependencies) = postProject
		{4926186F-0A4D-4E46-BD35-6509D1C7D5A2} = {4926186F-0A4D-4E46-BD35-6509D1C7D5A2}
	EndProjectSection
EndProject
Global
	GlobalSection(SolutionConfigurationPlatforms) = preSolution
		Debug|Any CPU = Debug|Any CPU
		Release|Any CPU = Release|Any CPU
	EndGlobalSection
	GlobalSection(ProjectConfigurationPlatforms) = postSolution
		{08FC665F-8C54-4CA3-B063-58D8A8CA98E6}.Debug|Any CPU.ActiveCfg = Debug|Any CPU
		{08FC665F-8C54-4CA3-B063-58D8A8CA98E6}.Debug|Any CPU.Build.0 = Debug|Any CPU
		{08FC665F-8C54-4CA3-B063-58D8A8CA98E6}.Release|Any CPU.ActiveCfg = Release|Any CPU
		{08FC665F-8C54-4CA3-B063-58D8A8CA98E6}.Release|Any CPU.Build.0 = Release|Any CPU
		{EC5049D6-EA26-4C1F-B042-15FFAF7F7A6B}.Debug|Any CPU.ActiveCfg = Debug|Any CPU
		{EC5049D6-EA26-4C1F-B042-15FFAF7F7A6B}.Debug|Any CPU.Build.0 = Debug|Any CPU
		{EC5049D6-EA26-4C1F-B042-15FFAF7F7A6B}.Release|Any CPU.ActiveCfg = Release|Any CPU
		{EC5049D6-EA26-4C1F-B042-15FFAF7F7A6B}.Release|Any CPU.Build.0 = Release|Any CPU
		{D1C572B1-157C-44E3-8598-4C395D26EFED}.Debug|Any CPU.ActiveCfg = Debug|Any CPU
		{D1C572B1-157C-44E3-8598-4C395D26EFED}.Debug|Any CPU.Build.0 = Debug|Any CPU
		{D1C572B1-157C-44E3-8598-4C395D26EFED}.Release|Any CPU.ActiveCfg = Release|Any CPU
		{D1C572B1-157C-44E3-8598-4C395D26EFED}.Release|Any CPU.Build.0 = Release|Any CPU
		{4926186F-0A4D-4E46-BD35-6509D1C7D5A2}.Debug|Any CPU.ActiveCfg = Debug|Any CPU
		{4926186F-0A4D-4E46-BD35-6509D1C7D5A2}.Debug|Any CPU.Build.0 = Debug|Any CPU
		{4926186F-0A4D-4E46-BD35-6509D1C7D5A2}.Release|Any CPU.ActiveCfg = Release|Any CPU
		{4926186F-0A4D-4E46-BD35-6509D1C7D5A2}.Release|Any CPU.Build.0 = Release|Any CPU
		{23184529-E81B-4379-8054-664C4ADF1621}.Debug|Any CPU.ActiveCfg = Debug|Any CPU
		{23184529-E81B-4379-8054-664C4ADF1621}.Debug|Any CPU.Build.0 = Debug|Any CPU
		{23184529-E81B-4379-8054-664C4ADF1621}.Release|Any CPU.ActiveCfg = Release|Any CPU
		{23184529-E81B-4379-8054-664C4ADF1621}.Release|Any CPU.Build.0 = Release|Any CPU
	EndGlobalSection
	GlobalSection(SolutionProperties) = preSolution
		HideSolutionNode = FALSE
	EndGlobalSection
EndGlobal
